
Microsoft Visual Studio Solution File, Format Version 12.00
# Visual Studio Version 16
VisualStudioVersion = 16.0.30803.129
MinimumVisualStudioVersion = 10.0.40219.1
Project("{9A19103F-16F7-4668-BE54-9A1E7A4F7556}") = "DutyAndConductorManager.Server", "DutyAndConductorManager\Server\DutyAndConductorManager.Server.csproj", "{ACFB926F-47AB-4313-8E0C-7B61A330F337}"
EndProject
Project("{9A19103F-16F7-4668-BE54-9A1E7A4F7556}") = "DutyAndConductorManager.Client", "DutyAndConductorManager\Client\DutyAndConductorManager.Client.csproj", "{F2219196-BFB9-41A2-87EC-122BAC6A8167}"
EndProject
Project("{9A19103F-16F7-4668-BE54-9A1E7A4F7556}") = "DutyAndConductorManager.Shared", "DutyAndConductorManager\Shared\DutyAndConductorManager.Shared.csproj", "{0DD231A2-90F8-4BFA-9B08-5EAA6CB0C39C}"
EndProject
Global
	GlobalSection(SolutionConfigurationPlatforms) = preSolution
		Debug|Any CPU = Debug|Any CPU
		Release|Any CPU = Release|Any CPU
	EndGlobalSection
	GlobalSection(ProjectConfigurationPlatforms) = postSolution
		{ACFB926F-47AB-4313-8E0C-7B61A330F337}.Debug|Any CPU.ActiveCfg = Debug|Any CPU
		{ACFB926F-47AB-4313-8E0C-7B61A330F337}.Debug|Any CPU.Build.0 = Debug|Any CPU
		{ACFB926F-47AB-4313-8E0C-7B61A330F337}.Release|Any CPU.ActiveCfg = Release|Any CPU
		{ACFB926F-47AB-4313-8E0C-7B61A330F337}.Release|Any CPU.Build.0 = Release|Any CPU
		{F2219196-BFB9-41A2-87EC-122BAC6A8167}.Debug|Any CPU.ActiveCfg = Debug|Any CPU
		{F2219196-BFB9-41A2-87EC-122BAC6A8167}.Debug|Any CPU.Build.0 = Debug|Any CPU
		{F2219196-BFB9-41A2-87EC-122BAC6A8167}.Release|Any CPU.ActiveCfg = Release|Any CPU
		{F2219196-BFB9-41A2-87EC-122BAC6A8167}.Release|Any CPU.Build.0 = Release|Any CPU
		{0DD231A2-90F8-4BFA-9B08-5EAA6CB0C39C}.Debug|Any CPU.ActiveCfg = Debug|Any CPU
		{0DD231A2-90F8-4BFA-9B08-5EAA6CB0C39C}.Debug|Any CPU.Build.0 = Debug|Any CPU
		{0DD231A2-90F8-4BFA-9B08-5EAA6CB0C39C}.Release|Any CPU.ActiveCfg = Release|Any CPU
		{0DD231A2-90F8-4BFA-9B08-5EAA6CB0C39C}.Release|Any CPU.Build.0 = Release|Any CPU
	EndGlobalSection
	GlobalSection(SolutionProperties) = preSolution
		HideSolutionNode = FALSE
	EndGlobalSection
	GlobalSection(ExtensibilityGlobals) = postSolution
		SolutionGuid = {BADE0146-14DA-4784-8BEC-71F215C13C3E}
	EndGlobalSection
EndGlobal
